
Microsoft Visual Studio Solution File, Format Version 12.00
# Visual Studio Version 17
VisualStudioVersion = 17.5.33627.172
MinimumVisualStudioVersion = 10.0.40219.1
Project("{FAE04EC0-301F-11D3-BF4B-00C04F79EFBC}") = "passwordencrypt", "passwordencrypt\passwordencrypt.csproj", "{56185780-D60D-478F-9BA4-5DDE04CB56EA}"
EndProject
Global
	GlobalSection(SolutionConfigurationPlatforms) = preSolution
		Debug|Any CPU = Debug|Any CPU
		Release|Any CPU = Release|Any CPU
	EndGlobalSection
	GlobalSection(ProjectConfigurationPlatforms) = postSolution
		{56185780-D60D-478F-9BA4-5DDE04CB56EA}.Debug|Any CPU.ActiveCfg = Debug|Any CPU
		{56185780-D60D-478F-9BA4-5DDE04CB56EA}.Debug|Any CPU.Build.0 = Debug|Any CPU
		{56185780-D60D-478F-9BA4-5DDE04CB56EA}.Release|Any CPU.ActiveCfg = Release|Any CPU
		{56185780-D60D-478F-9BA4-5DDE04CB56EA}.Release|Any CPU.Build.0 = Release|Any CPU
	EndGlobalSection
	GlobalSection(SolutionProperties) = preSolution
		HideSolutionNode = FALSE
	EndGlobalSection
	GlobalSection(ExtensibilityGlobals) = postSolution
		SolutionGuid = {90316BFA-C2C2-4D23-B895-510051C42F88}
	EndGlobalSection
EndGlobal
